
Microsoft Visual Studio Solution File, Format Version 12.00
# Visual Studio Version 16
VisualStudioVersion = 16.0.810.23
MinimumVisualStudioVersion = 10.0.40219.1
Project("{FAE04EC0-301F-11D3-BF4B-00C04F79EFBC}") = "SavoirApp", "SavoirApp\SavoirApp.csproj", "{F3711ED6-B813-4248-B84D-B464BE2E3D24}"
EndProject
Global
	GlobalSection(SolutionConfigurationPlatforms) = preSolution
		Debug|Any CPU = Debug|Any CPU
		Release|Any CPU = Release|Any CPU
	EndGlobalSection
	GlobalSection(ProjectConfigurationPlatforms) = postSolution
		{F3711ED6-B813-4248-B84D-B464BE2E3D24}.Debug|Any CPU.ActiveCfg = Debug|Any CPU
		{F3711ED6-B813-4248-B84D-B464BE2E3D24}.Debug|Any CPU.Build.0 = Debug|Any CPU
		{F3711ED6-B813-4248-B84D-B464BE2E3D24}.Release|Any CPU.ActiveCfg = Release|Any CPU
		{F3711ED6-B813-4248-B84D-B464BE2E3D24}.Release|Any CPU.Build.0 = Release|Any CPU
	EndGlobalSection
	GlobalSection(SolutionProperties) = preSolution
		HideSolutionNode = FALSE
	EndGlobalSection
	GlobalSection(ExtensibilityGlobals) = postSolution
		SolutionGuid = {C1086DF9-BD87-4349-B9A3-162E09BDB5FF}
	EndGlobalSection
EndGlobal
